// !$*UTF8*$!
{
	archiveVersion = 1;
	classes = {
	};
	objectVersion = 50;
	objects = {

/* Begin PBXBuildFile section */
		CA6D6E2894277551750279BA /* Pods_DailyiOSAnimations.framework in Frameworks */ = {isa = PBXBuildFile; fileRef = B6D7D6F9B72A9EF5E6399DFE /* Pods_DailyiOSAnimations.framework */; };
		D416CEEA20FCCFA600BD4D31 /* Day11ViewController.swift in Sources */ = {isa = PBXBuildFile; fileRef = D416CEE920FCCFA600BD4D31 /* Day11ViewController.swift */; };
		D416CEEC20FCE30000BD4D31 /* Day12ViewController.swift in Sources */ = {isa = PBXBuildFile; fileRef = D416CEEB20FCE30000BD4D31 /* Day12ViewController.swift */; };
		D43C4F4B20F8C7ED009A3C05 /* Day10ViewController.swift in Sources */ = {isa = PBXBuildFile; fileRef = D43C4F4A20F8C7ED009A3C05 /* Day10ViewController.swift */; };
		D43C776720EEFC5700457EEC /* Day2ViewController.swift in Sources */ = {isa = PBXBuildFile; fileRef = D43C776620EEFC5700457EEC /* Day2ViewController.swift */; };
		D46643CC20EF828500714039 /* Day3ViewController.swift in Sources */ = {isa = PBXBuildFile; fileRef = D46643CB20EF828500714039 /* Day3ViewController.swift */; };
		D46643CE20F0BA5200714039 /* Day4ViewController.swift in Sources */ = {isa = PBXBuildFile; fileRef = D46643CD20F0BA5200714039 /* Day4ViewController.swift */; };
		D46643D120F217D900714039 /* Day5ViewController.swift in Sources */ = {isa = PBXBuildFile; fileRef = D46643D020F217D900714039 /* Day5ViewController.swift */; };
		D46A40172100E8D400F47238 /* Day15ViewController.swift in Sources */ = {isa = PBXBuildFile; fileRef = D46A40162100E8D400F47238 /* Day15ViewController.swift */; };
		D46BD93920EDFDE900B2C176 /* AppDelegate.swift in Sources */ = {isa = PBXBuildFile; fileRef = D46BD93820EDFDE900B2C176 /* AppDelegate.swift */; };
		D46BD93B20EDFDE900B2C176 /* ViewController.swift in Sources */ = {isa = PBXBuildFile; fileRef = D46BD93A20EDFDE900B2C176 /* ViewController.swift */; };
		D46BD94020EDFDEB00B2C176 /* Assets.xcassets in Resources */ = {isa = PBXBuildFile; fileRef = D46BD93F20EDFDEB00B2C176 /* Assets.xcassets */; };
		D46BD94320EDFDEB00B2C176 /* LaunchScreen.storyboard in Resources */ = {isa = PBXBuildFile; fileRef = D46BD94120EDFDEB00B2C176 /* LaunchScreen.storyboard */; };
		D46BD94B20EE433B00B2C176 /* Day1ViewController.swift in Sources */ = {isa = PBXBuildFile; fileRef = D46BD94A20EE433B00B2C176 /* Day1ViewController.swift */; };
		D472444420F65E3E001D4DEC /* Day8ViewController.swift in Sources */ = {isa = PBXBuildFile; fileRef = D472444320F65E3E001D4DEC /* Day8ViewController.swift */; };
		D495A66521081EBE00AE9F62 /* Day20ViewController.swift in Sources */ = {isa = PBXBuildFile; fileRef = D495A66421081EBE00AE9F62 /* Day20ViewController.swift */; };
		D495A6672108ADF800AE9F62 /* Day21ViewController.swift in Sources */ = {isa = PBXBuildFile; fileRef = D495A6662108ADF800AE9F62 /* Day21ViewController.swift */; };
		D4A9B17F20F3BD84006E8AF1 /* Day6ViewController.swift in Sources */ = {isa = PBXBuildFile; fileRef = D4A9B17E20F3BD84006E8AF1 /* Day6ViewController.swift */; };
		D4A9B18220F510F5006E8AF1 /* Day7ViewController.swift in Sources */ = {isa = PBXBuildFile; fileRef = D4A9B18120F510F5006E8AF1 /* Day7ViewController.swift */; };
		D4A9B1AE20F75624006E8AF1 /* Day9ViewController.swift in Sources */ = {isa = PBXBuildFile; fileRef = D4A9B1AD20F75624006E8AF1 /* Day9ViewController.swift */; };
		D4CA00CE20FEB41F00BAA39C /* Day14ViewController.swift in Sources */ = {isa = PBXBuildFile; fileRef = D4CA00CD20FEB41E00BAA39C /* Day14ViewController.swift */; };
		D4DB688220FE114E000512B3 /* Day13ViewController.swift in Sources */ = {isa = PBXBuildFile; fileRef = D4DB688120FE114E000512B3 /* Day13ViewController.swift */; };
		D4EC21A8211304AE000023F8 /* Day23ViewController.swift in Sources */ = {isa = PBXBuildFile; fileRef = D4EC21A7211304AE000023F8 /* Day23ViewController.swift */; };
		D4EC57212115F0EB002688CF /* Day24ViewController.swift in Sources */ = {isa = PBXBuildFile; fileRef = D4EC57202115F0EB002688CF /* Day24ViewController.swift */; };
		D4FEA958210F65D70091A6BE /* Day22ViewController.swift in Sources */ = {isa = PBXBuildFile; fileRef = D4FEA957210F65D70091A6BE /* Day22ViewController.swift */; };
		D4FF5AA5210372EF001E163E /* Day16ViewController.swift in Sources */ = {isa = PBXBuildFile; fileRef = D4FF5AA4210372EF001E163E /* Day16ViewController.swift */; };
		D4FF5AA72104A839001E163E /* Day17ViewController.swift in Sources */ = {isa = PBXBuildFile; fileRef = D4FF5AA62104A839001E163E /* Day17ViewController.swift */; };
		D4FF5AA921057D82001E163E /* Day18ViewController.swift in Sources */ = {isa = PBXBuildFile; fileRef = D4FF5AA821057D82001E163E /* Day18ViewController.swift */; };
		D4FF5AAD2105A99E001E163E /* Day19ViewController.swift in Sources */ = {isa = PBXBuildFile; fileRef = D4FF5AAC2105A99E001E163E /* Day19ViewController.swift */; };
		D4FF5AB12105AB50001E163E /* engel.json in Resources */ = {isa = PBXBuildFile; fileRef = D4FF5AB02105AB50001E163E /* engel.json */; };
/* End PBXBuildFile section */

/* Begin PBXFileReference section */
		638367823F77AB36F61631A8 /* Pods-DailyiOSAnimations.release.xcconfig */ = {isa = PBXFileReference; includeInIndex = 1; lastKnownFileType = text.xcconfig; name = "Pods-DailyiOSAnimations.release.xcconfig"; path = "Pods/Target Support Files/Pods-DailyiOSAnimations/Pods-DailyiOSAnimations.release.xcconfig"; sourceTree = "<group>"; };
		A330056D8345C5886322EB57 /* Pods-DailyiOSAnimations.debug.xcconfig */ = {isa = PBXFileReference; includeInIndex = 1; lastKnownFileType = text.xcconfig; name = "Pods-DailyiOSAnimations.debug.xcconfig"; path = "Pods/Target Support Files/Pods-DailyiOSAnimations/Pods-DailyiOSAnimations.debug.xcconfig"; sourceTree = "<group>"; };
		B6D7D6F9B72A9EF5E6399DFE /* Pods_DailyiOSAnimations.framework */ = {isa = PBXFileReference; explicitFileType = wrapper.framework; includeInIndex = 0; path = Pods_DailyiOSAnimations.framework; sourceTree = BUILT_PRODUCTS_DIR; };
		D416CEE920FCCFA600BD4D31 /* Day11ViewController.swift */ = {isa = PBXFileReference; lastKnownFileType = sourcecode.swift; path = Day11ViewController.swift; sourceTree = "<group>"; };
		D416CEEB20FCE30000BD4D31 /* Day12ViewController.swift */ = {isa = PBXFileReference; lastKnownFileType = sourcecode.swift; path = Day12ViewController.swift; sourceTree = "<group>"; };
		D43C4F4A20F8C7ED009A3C05 /* Day10ViewController.swift */ = {isa = PBXFileReference; lastKnownFileType = sourcecode.swift; path = Day10ViewController.swift; sourceTree = "<group>"; };
		D43C776620EEFC5700457EEC /* Day2ViewController.swift */ = {isa = PBXFileReference; lastKnownFileType = sourcecode.swift; path = Day2ViewController.swift; sourceTree = "<group>"; };
		D46643CB20EF828500714039 /* Day3ViewController.swift */ = {isa = PBXFileReference; fileEncoding = 4; lastKnownFileType = sourcecode.swift; path = Day3ViewController.swift; sourceTree = "<group>"; };
		D46643CD20F0BA5200714039 /* Day4ViewController.swift */ = {isa = PBXFileReference; lastKnownFileType = sourcecode.swift; path = Day4ViewController.swift; sourceTree = "<group>"; };
		D46643D020F217D900714039 /* Day5ViewController.swift */ = {isa = PBXFileReference; lastKnownFileType = sourcecode.swift; path = Day5ViewController.swift; sourceTree = "<group>"; };
		D46A40162100E8D400F47238 /* Day15ViewController.swift */ = {isa = PBXFileReference; lastKnownFileType = sourcecode.swift; path = Day15ViewController.swift; sourceTree = "<group>"; };
		D46BD93520EDFDE900B2C176 /* DailyiOSAnimations.app */ = {isa = PBXFileReference; explicitFileType = wrapper.application; includeInIndex = 0; path = DailyiOSAnimations.app; sourceTree = BUILT_PRODUCTS_DIR; };
		D46BD93820EDFDE900B2C176 /* AppDelegate.swift */ = {isa = PBXFileReference; lastKnownFileType = sourcecode.swift; path = AppDelegate.swift; sourceTree = "<group>"; };
		D46BD93A20EDFDE900B2C176 /* ViewController.swift */ = {isa = PBXFileReference; lastKnownFileType = sourcecode.swift; path = ViewController.swift; sourceTree = "<group>"; };
		D46BD93F20EDFDEB00B2C176 /* Assets.xcassets */ = {isa = PBXFileReference; lastKnownFileType = folder.assetcatalog; path = Assets.xcassets; sourceTree = "<group>"; };
		D46BD94220EDFDEB00B2C176 /* Base */ = {isa = PBXFileReference; lastKnownFileType = file.storyboard; name = Base; path = Base.lproj/LaunchScreen.storyboard; sourceTree = "<group>"; };
		D46BD94420EDFDEB00B2C176 /* Info.plist */ = {isa = PBXFileReference; lastKnownFileType = text.plist.xml; path = Info.plist; sourceTree = "<group>"; };
		D46BD94A20EE433B00B2C176 /* Day1ViewController.swift */ = {isa = PBXFileReference; lastKnownFileType = sourcecode.swift; path = Day1ViewController.swift; sourceTree = "<group>"; };
		D472444320F65E3E001D4DEC /* Day8ViewController.swift */ = {isa = PBXFileReference; lastKnownFileType = sourcecode.swift; path = Day8ViewController.swift; sourceTree = "<group>"; };
		D495A66421081EBE00AE9F62 /* Day20ViewController.swift */ = {isa = PBXFileReference; lastKnownFileType = sourcecode.swift; path = Day20ViewController.swift; sourceTree = "<group>"; };
		D495A6662108ADF800AE9F62 /* Day21ViewController.swift */ = {isa = PBXFileReference; lastKnownFileType = sourcecode.swift; path = Day21ViewController.swift; sourceTree = "<group>"; };
		D4A9B17E20F3BD84006E8AF1 /* Day6ViewController.swift */ = {isa = PBXFileReference; lastKnownFileType = sourcecode.swift; path = Day6ViewController.swift; sourceTree = "<group>"; };
		D4A9B18120F510F5006E8AF1 /* Day7ViewController.swift */ = {isa = PBXFileReference; lastKnownFileType = sourcecode.swift; path = Day7ViewController.swift; sourceTree = "<group>"; };
		D4A9B1AD20F75624006E8AF1 /* Day9ViewController.swift */ = {isa = PBXFileReference; lastKnownFileType = sourcecode.swift; path = Day9ViewController.swift; sourceTree = "<group>"; };
		D4CA00CD20FEB41E00BAA39C /* Day14ViewController.swift */ = {isa = PBXFileReference; lastKnownFileType = sourcecode.swift; path = Day14ViewController.swift; sourceTree = "<group>"; };
		D4DB688120FE114E000512B3 /* Day13ViewController.swift */ = {isa = PBXFileReference; lastKnownFileType = sourcecode.swift; path = Day13ViewController.swift; sourceTree = "<group>"; };
		D4EC21A7211304AE000023F8 /* Day23ViewController.swift */ = {isa = PBXFileReference; lastKnownFileType = sourcecode.swift; path = Day23ViewController.swift; sourceTree = "<group>"; };
		D4EC57202115F0EB002688CF /* Day24ViewController.swift */ = {isa = PBXFileReference; lastKnownFileType = sourcecode.swift; path = Day24ViewController.swift; sourceTree = "<group>"; };
		D4FEA957210F65D70091A6BE /* Day22ViewController.swift */ = {isa = PBXFileReference; lastKnownFileType = sourcecode.swift; path = Day22ViewController.swift; sourceTree = "<group>"; };
		D4FF5AA4210372EF001E163E /* Day16ViewController.swift */ = {isa = PBXFileReference; lastKnownFileType = sourcecode.swift; path = Day16ViewController.swift; sourceTree = "<group>"; };
		D4FF5AA62104A839001E163E /* Day17ViewController.swift */ = {isa = PBXFileReference; lastKnownFileType = sourcecode.swift; path = Day17ViewController.swift; sourceTree = "<group>"; };
		D4FF5AA821057D82001E163E /* Day18ViewController.swift */ = {isa = PBXFileReference; lastKnownFileType = sourcecode.swift; path = Day18ViewController.swift; sourceTree = "<group>"; };
		D4FF5AAC2105A99E001E163E /* Day19ViewController.swift */ = {isa = PBXFileReference; lastKnownFileType = sourcecode.swift; path = Day19ViewController.swift; sourceTree = "<group>"; };
		D4FF5AB02105AB50001E163E /* engel.json */ = {isa = PBXFileReference; fileEncoding = 4; lastKnownFileType = text.json; path = engel.json; sourceTree = "<group>"; };
/* End PBXFileReference section */

/* Begin PBXFrameworksBuildPhase section */
		D46BD93220EDFDE900B2C176 /* Frameworks */ = {
			isa = PBXFrameworksBuildPhase;
			buildActionMask = 2147483647;
			files = (
				CA6D6E2894277551750279BA /* Pods_DailyiOSAnimations.framework in Frameworks */,
			);
			runOnlyForDeploymentPostprocessing = 0;
		};
/* End PBXFrameworksBuildPhase section */

/* Begin PBXGroup section */
		D46BD92C20EDFDE900B2C176 = {
			isa = PBXGroup;
			children = (
				D46BD93720EDFDE900B2C176 /* DailyiOSAnimations */,
				D46BD93620EDFDE900B2C176 /* Products */,
				DF044FADCDA7FE983E15DA0A /* Pods */,
				F9A95A52CDD8585A8F33D72E /* Frameworks */,
			);
			sourceTree = "<group>";
		};
		D46BD93620EDFDE900B2C176 /* Products */ = {
			isa = PBXGroup;
			children = (
				D46BD93520EDFDE900B2C176 /* DailyiOSAnimations.app */,
			);
			name = Products;
			sourceTree = "<group>";
		};
		D46BD93720EDFDE900B2C176 /* DailyiOSAnimations */ = {
			isa = PBXGroup;
			children = (
				D4FF5AB02105AB50001E163E /* engel.json */,
				D46BD93820EDFDE900B2C176 /* AppDelegate.swift */,
				D46BD93A20EDFDE900B2C176 /* ViewController.swift */,
				D46BD94A20EE433B00B2C176 /* Day1ViewController.swift */,
				D43C776620EEFC5700457EEC /* Day2ViewController.swift */,
				D46643CB20EF828500714039 /* Day3ViewController.swift */,
				D46643CD20F0BA5200714039 /* Day4ViewController.swift */,
				D46643D020F217D900714039 /* Day5ViewController.swift */,
				D4A9B17E20F3BD84006E8AF1 /* Day6ViewController.swift */,
				D4A9B18120F510F5006E8AF1 /* Day7ViewController.swift */,
				D472444320F65E3E001D4DEC /* Day8ViewController.swift */,
				D4A9B1AD20F75624006E8AF1 /* Day9ViewController.swift */,
				D43C4F4A20F8C7ED009A3C05 /* Day10ViewController.swift */,
				D416CEE920FCCFA600BD4D31 /* Day11ViewController.swift */,
				D416CEEB20FCE30000BD4D31 /* Day12ViewController.swift */,
				D4DB688120FE114E000512B3 /* Day13ViewController.swift */,
				D4CA00CD20FEB41E00BAA39C /* Day14ViewController.swift */,
				D46A40162100E8D400F47238 /* Day15ViewController.swift */,
				D4FF5AA4210372EF001E163E /* Day16ViewController.swift */,
				D4FF5AA62104A839001E163E /* Day17ViewController.swift */,
				D4FF5AA821057D82001E163E /* Day18ViewController.swift */,
				D4FF5AAC2105A99E001E163E /* Day19ViewController.swift */,
				D495A66421081EBE00AE9F62 /* Day20ViewController.swift */,
				D495A6662108ADF800AE9F62 /* Day21ViewController.swift */,
				D4FEA957210F65D70091A6BE /* Day22ViewController.swift */,
				D4EC21A7211304AE000023F8 /* Day23ViewController.swift */,
				D4EC57202115F0EB002688CF /* Day24ViewController.swift */,
				D46BD93F20EDFDEB00B2C176 /* Assets.xcassets */,
				D46BD94120EDFDEB00B2C176 /* LaunchScreen.storyboard */,
				D46BD94420EDFDEB00B2C176 /* Info.plist */,
			);
			path = DailyiOSAnimations;
			sourceTree = "<group>";
		};
		DF044FADCDA7FE983E15DA0A /* Pods */ = {
			isa = PBXGroup;
			children = (
				A330056D8345C5886322EB57 /* Pods-DailyiOSAnimations.debug.xcconfig */,
				638367823F77AB36F61631A8 /* Pods-DailyiOSAnimations.release.xcconfig */,
			);
			name = Pods;
			sourceTree = "<group>";
		};
		F9A95A52CDD8585A8F33D72E /* Frameworks */ = {
			isa = PBXGroup;
			children = (
				B6D7D6F9B72A9EF5E6399DFE /* Pods_DailyiOSAnimations.framework */,
			);
			name = Frameworks;
			sourceTree = "<group>";
		};
/* End PBXGroup section */

/* Begin PBXNativeTarget section */
		D46BD93420EDFDE900B2C176 /* DailyiOSAnimations */ = {
			isa = PBXNativeTarget;
			buildConfigurationList = D46BD94720EDFDEB00B2C176 /* Build configuration list for PBXNativeTarget "DailyiOSAnimations" */;
			buildPhases = (
				74FF8D377192A2F2AE05DDB3 /* [CP] Check Pods Manifest.lock */,
				D46BD93120EDFDE900B2C176 /* Sources */,
				D46BD93220EDFDE900B2C176 /* Frameworks */,
				D46BD93320EDFDE900B2C176 /* Resources */,
				B73A9CA671923DEC07BAFA3F /* [CP] Embed Pods Frameworks */,
			);
			buildRules = (
			);
			dependencies = (
			);
			name = DailyiOSAnimations;
			productName = DailyiOSAnimations;
			productReference = D46BD93520EDFDE900B2C176 /* DailyiOSAnimations.app */;
			productType = "com.apple.product-type.application";
		};
/* End PBXNativeTarget section */

/* Begin PBXProject section */
		D46BD92D20EDFDE900B2C176 /* Project object */ = {
			isa = PBXProject;
			attributes = {
				LastSwiftUpdateCheck = 0930;
				LastUpgradeCheck = 0930;
				ORGANIZATIONNAME = "Jinsei Shima";
				TargetAttributes = {
					D46BD93420EDFDE900B2C176 = {
						CreatedOnToolsVersion = 9.3;
					};
				};
			};
			buildConfigurationList = D46BD93020EDFDE900B2C176 /* Build configuration list for PBXProject "DailyiOSAnimations" */;
			compatibilityVersion = "Xcode 9.3";
			developmentRegion = en;
			hasScannedForEncodings = 0;
			knownRegions = (
				en,
				Base,
			);
			mainGroup = D46BD92C20EDFDE900B2C176;
			productRefGroup = D46BD93620EDFDE900B2C176 /* Products */;
			projectDirPath = "";
			projectRoot = "";
			targets = (
				D46BD93420EDFDE900B2C176 /* DailyiOSAnimations */,
			);
		};
/* End PBXProject section */

/* Begin PBXResourcesBuildPhase section */
		D46BD93320EDFDE900B2C176 /* Resources */ = {
			isa = PBXResourcesBuildPhase;
			buildActionMask = 2147483647;
			files = (
				D46BD94320EDFDEB00B2C176 /* LaunchScreen.storyboard in Resources */,
				D4FF5AB12105AB50001E163E /* engel.json in Resources */,
				D46BD94020EDFDEB00B2C176 /* Assets.xcassets in Resources */,
			);
			runOnlyForDeploymentPostprocessing = 0;
		};
/* End PBXResourcesBuildPhase section */

/* Begin PBXShellScriptBuildPhase section */
		74FF8D377192A2F2AE05DDB3 /* [CP] Check Pods Manifest.lock */ = {
			isa = PBXShellScriptBuildPhase;
			buildActionMask = 2147483647;
			files = (
			);
			inputPaths = (
				"${PODS_PODFILE_DIR_PATH}/Podfile.lock",
				"${PODS_ROOT}/Manifest.lock",
			);
			name = "[CP] Check Pods Manifest.lock";
			outputPaths = (
				"$(DERIVED_FILE_DIR)/Pods-DailyiOSAnimations-checkManifestLockResult.txt",
			);
			runOnlyForDeploymentPostprocessing = 0;
			shellPath = /bin/sh;
			shellScript = "diff \"${PODS_PODFILE_DIR_PATH}/Podfile.lock\" \"${PODS_ROOT}/Manifest.lock\" > /dev/null\nif [ $? != 0 ] ; then\n    # print error to STDERR\n    echo \"error: The sandbox is not in sync with the Podfile.lock. Run 'pod install' or update your CocoaPods installation.\" >&2\n    exit 1\nfi\n# This output is used by Xcode 'outputs' to avoid re-running this script phase.\necho \"SUCCESS\" > \"${SCRIPT_OUTPUT_FILE_0}\"\n";
			showEnvVarsInLog = 0;
		};
		B73A9CA671923DEC07BAFA3F /* [CP] Embed Pods Frameworks */ = {
			isa = PBXShellScriptBuildPhase;
			buildActionMask = 2147483647;
			files = (
			);
			inputPaths = (
				"${SRCROOT}/Pods/Target Support Files/Pods-DailyiOSAnimations/Pods-DailyiOSAnimations-frameworks.sh",
				"${BUILT_PRODUCTS_DIR}/EasyPeasy/EasyPeasy.framework",
				"${BUILT_PRODUCTS_DIR}/LTMorphingLabel/LTMorphingLabel.framework",
				"${PODS_ROOT}/Reveal-SDK/RevealServer-17/iOS/RevealServer.framework",
				"${BUILT_PRODUCTS_DIR}/lottie-ios/Lottie.framework",
				"${BUILT_PRODUCTS_DIR}/pop/pop.framework",
			);
			name = "[CP] Embed Pods Frameworks";
			outputPaths = (
				"${TARGET_BUILD_DIR}/${FRAMEWORKS_FOLDER_PATH}/EasyPeasy.framework",
				"${TARGET_BUILD_DIR}/${FRAMEWORKS_FOLDER_PATH}/LTMorphingLabel.framework",
				"${TARGET_BUILD_DIR}/${FRAMEWORKS_FOLDER_PATH}/RevealServer.framework",
				"${TARGET_BUILD_DIR}/${FRAMEWORKS_FOLDER_PATH}/Lottie.framework",
				"${TARGET_BUILD_DIR}/${FRAMEWORKS_FOLDER_PATH}/pop.framework",
			);
			runOnlyForDeploymentPostprocessing = 0;
			shellPath = /bin/sh;
			shellScript = "\"${SRCROOT}/Pods/Target Support Files/Pods-DailyiOSAnimations/Pods-DailyiOSAnimations-frameworks.sh\"\n";
			showEnvVarsInLog = 0;
		};
/* End PBXShellScriptBuildPhase section */

/* Begin PBXSourcesBuildPhase section */
		D46BD93120EDFDE900B2C176 /* Sources */ = {
			isa = PBXSourcesBuildPhase;
			buildActionMask = 2147483647;
			files = (
				D46A40172100E8D400F47238 /* Day15ViewController.swift in Sources */,
				D4A9B1AE20F75624006E8AF1 /* Day9ViewController.swift in Sources */,
				D4FF5AA5210372EF001E163E /* Day16ViewController.swift in Sources */,
				D46643CE20F0BA5200714039 /* Day4ViewController.swift in Sources */,
				D43C4F4B20F8C7ED009A3C05 /* Day10ViewController.swift in Sources */,
				D46BD93B20EDFDE900B2C176 /* ViewController.swift in Sources */,
				D416CEEC20FCE30000BD4D31 /* Day12ViewController.swift in Sources */,
				D4EC21A8211304AE000023F8 /* Day23ViewController.swift in Sources */,
				D495A66521081EBE00AE9F62 /* Day20ViewController.swift in Sources */,
				D472444420F65E3E001D4DEC /* Day8ViewController.swift in Sources */,
				D4CA00CE20FEB41F00BAA39C /* Day14ViewController.swift in Sources */,
				D4A9B18220F510F5006E8AF1 /* Day7ViewController.swift in Sources */,
				D4DB688220FE114E000512B3 /* Day13ViewController.swift in Sources */,
				D4EC57212115F0EB002688CF /* Day24ViewController.swift in Sources */,
				D46BD94B20EE433B00B2C176 /* Day1ViewController.swift in Sources */,
				D43C776720EEFC5700457EEC /* Day2ViewController.swift in Sources */,
				D46643D120F217D900714039 /* Day5ViewController.swift in Sources */,
				D4FF5AA921057D82001E163E /* Day18ViewController.swift in Sources */,
				D46BD93920EDFDE900B2C176 /* AppDelegate.swift in Sources */,
				D416CEEA20FCCFA600BD4D31 /* Day11ViewController.swift in Sources */,
				D495A6672108ADF800AE9F62 /* Day21ViewController.swift in Sources */,
				D4A9B17F20F3BD84006E8AF1 /* Day6ViewController.swift in Sources */,
				D46643CC20EF828500714039 /* Day3ViewController.swift in Sources */,
				D4FEA958210F65D70091A6BE /* Day22ViewController.swift in Sources */,
				D4FF5AAD2105A99E001E163E /* Day19ViewController.swift in Sources */,
				D4FF5AA72104A839001E163E /* Day17ViewController.swift in Sources */,
			);
			runOnlyForDeploymentPostprocessing = 0;
		};
/* End PBXSourcesBuildPhase section */

/* Begin PBXVariantGroup section */
		D46BD94120EDFDEB00B2C176 /* LaunchScreen.storyboard */ = {
			isa = PBXVariantGroup;
			children = (
				D46BD94220EDFDEB00B2C176 /* Base */,
			);
			name = LaunchScreen.storyboard;
			sourceTree = "<group>";
		};
/* End PBXVariantGroup section */

/* Begin XCBuildConfiguration section */
		D46BD94520EDFDEB00B2C176 /* Debug */ = {
			isa = XCBuildConfiguration;
			buildSettings = {
				ALWAYS_SEARCH_USER_PATHS = NO;
				CLANG_ANALYZER_NONNULL = YES;
				CLANG_ANALYZER_NUMBER_OBJECT_CONVERSION = YES_AGGRESSIVE;
				CLANG_CXX_LANGUAGE_STANDARD = "gnu++14";
				CLANG_CXX_LIBRARY = "libc++";
				CLANG_ENABLE_MODULES = YES;
				CLANG_ENABLE_OBJC_ARC = YES;
				CLANG_ENABLE_OBJC_WEAK = YES;
				CLANG_WARN_BLOCK_CAPTURE_AUTORELEASING = YES;
				CLANG_WARN_BOOL_CONVERSION = YES;
				CLANG_WARN_COMMA = YES;
				CLANG_WARN_CONSTANT_CONVERSION = YES;
				CLANG_WARN_DEPRECATED_OBJC_IMPLEMENTATIONS = YES;
				CLANG_WARN_DIRECT_OBJC_ISA_USAGE = YES_ERROR;
				CLANG_WARN_DOCUMENTATION_COMMENTS = YES;
				CLANG_WARN_EMPTY_BODY = YES;
				CLANG_WARN_ENUM_CONVERSION = YES;
				CLANG_WARN_INFINITE_RECURSION = YES;
				CLANG_WARN_INT_CONVERSION = YES;
				CLANG_WARN_NON_LITERAL_NULL_CONVERSION = YES;
				CLANG_WARN_OBJC_IMPLICIT_RETAIN_SELF = YES;
				CLANG_WARN_OBJC_LITERAL_CONVERSION = YES;
				CLANG_WARN_OBJC_ROOT_CLASS = YES_ERROR;
				CLANG_WARN_RANGE_LOOP_ANALYSIS = YES;
				CLANG_WARN_STRICT_PROTOTYPES = YES;
				CLANG_WARN_SUSPICIOUS_MOVE = YES;
				CLANG_WARN_UNGUARDED_AVAILABILITY = YES_AGGRESSIVE;
				CLANG_WARN_UNREACHABLE_CODE = YES;
				CLANG_WARN__DUPLICATE_METHOD_MATCH = YES;
				CODE_SIGN_IDENTITY = "iPhone Developer";
				COPY_PHASE_STRIP = NO;
				DEBUG_INFORMATION_FORMAT = dwarf;
				ENABLE_STRICT_OBJC_MSGSEND = YES;
				ENABLE_TESTABILITY = YES;
				GCC_C_LANGUAGE_STANDARD = gnu11;
				GCC_DYNAMIC_NO_PIC = NO;
				GCC_NO_COMMON_BLOCKS = YES;
				GCC_OPTIMIZATION_LEVEL = 0;
				GCC_PREPROCESSOR_DEFINITIONS = (
					"DEBUG=1",
					"$(inherited)",
				);
				GCC_WARN_64_TO_32_BIT_CONVERSION = YES;
				GCC_WARN_ABOUT_RETURN_TYPE = YES_ERROR;
				GCC_WARN_UNDECLARED_SELECTOR = YES;
				GCC_WARN_UNINITIALIZED_AUTOS = YES_AGGRESSIVE;
				GCC_WARN_UNUSED_FUNCTION = YES;
				GCC_WARN_UNUSED_VARIABLE = YES;
				IPHONEOS_DEPLOYMENT_TARGET = 10.0;
				MTL_ENABLE_DEBUG_INFO = YES;
				ONLY_ACTIVE_ARCH = YES;
				SDKROOT = iphoneos;
				SWIFT_ACTIVE_COMPILATION_CONDITIONS = DEBUG;
				SWIFT_OPTIMIZATION_LEVEL = "-Onone";
			};
			name = Debug;
		};
		D46BD94620EDFDEB00B2C176 /* Release */ = {
			isa = XCBuildConfiguration;
			buildSettings = {
				ALWAYS_SEARCH_USER_PATHS = NO;
				CLANG_ANALYZER_NONNULL = YES;
				CLANG_ANALYZER_NUMBER_OBJECT_CONVERSION = YES_AGGRESSIVE;
				CLANG_CXX_LANGUAGE_STANDARD = "gnu++14";
				CLANG_CXX_LIBRARY = "libc++";
				CLANG_ENABLE_MODULES = YES;
				CLANG_ENABLE_OBJC_ARC = YES;
				CLANG_ENABLE_OBJC_WEAK = YES;
				CLANG_WARN_BLOCK_CAPTURE_AUTORELEASING = YES;
				CLANG_WARN_BOOL_CONVERSION = YES;
				CLANG_WARN_COMMA = YES;
				CLANG_WARN_CONSTANT_CONVERSION = YES;
				CLANG_WARN_DEPRECATED_OBJC_IMPLEMENTATIONS = YES;
				CLANG_WARN_DIRECT_OBJC_ISA_USAGE = YES_ERROR;
				CLANG_WARN_DOCUMENTATION_COMMENTS = YES;
				CLANG_WARN_EMPTY_BODY = YES;
				CLANG_WARN_ENUM_CONVERSION = YES;
				CLANG_WARN_INFINITE_RECURSION = YES;
				CLANG_WARN_INT_CONVERSION = YES;
				CLANG_WARN_NON_LITERAL_NULL_CONVERSION = YES;
				CLANG_WARN_OBJC_IMPLICIT_RETAIN_SELF = YES;
				CLANG_WARN_OBJC_LITERAL_CONVERSION = YES;
				CLANG_WARN_OBJC_ROOT_CLASS = YES_ERROR;
				CLANG_WARN_RANGE_LOOP_ANALYSIS = YES;
				CLANG_WARN_STRICT_PROTOTYPES = YES;
				CLANG_WARN_SUSPICIOUS_MOVE = YES;
				CLANG_WARN_UNGUARDED_AVAILABILITY = YES_AGGRESSIVE;
				CLANG_WARN_UNREACHABLE_CODE = YES;
				CLANG_WARN__DUPLICATE_METHOD_MATCH = YES;
				CODE_SIGN_IDENTITY = "iPhone Developer";
				COPY_PHASE_STRIP = NO;
				DEBUG_INFORMATION_FORMAT = "dwarf-with-dsym";
				ENABLE_NS_ASSERTIONS = NO;
				ENABLE_STRICT_OBJC_MSGSEND = YES;
				GCC_C_LANGUAGE_STANDARD = gnu11;
				GCC_NO_COMMON_BLOCKS = YES;
				GCC_WARN_64_TO_32_BIT_CONVERSION = YES;
				GCC_WARN_ABOUT_RETURN_TYPE = YES_ERROR;
				GCC_WARN_UNDECLARED_SELECTOR = YES;
				GCC_WARN_UNINITIALIZED_AUTOS = YES_AGGRESSIVE;
				GCC_WARN_UNUSED_FUNCTION = YES;
				GCC_WARN_UNUSED_VARIABLE = YES;
				IPHONEOS_DEPLOYMENT_TARGET = 10.0;
				MTL_ENABLE_DEBUG_INFO = NO;
				SDKROOT = iphoneos;
				SWIFT_COMPILATION_MODE = wholemodule;
				SWIFT_OPTIMIZATION_LEVEL = "-O";
				VALIDATE_PRODUCT = YES;
			};
			name = Release;
		};
		D46BD94820EDFDEB00B2C176 /* Debug */ = {
			isa = XCBuildConfiguration;
			baseConfigurationReference = A330056D8345C5886322EB57 /* Pods-DailyiOSAnimations.debug.xcconfig */;
			buildSettings = {
				ASSETCATALOG_COMPILER_APPICON_NAME = AppIcon;
				CODE_SIGN_STYLE = Automatic;
				DEVELOPMENT_TEAM = 64T4PJ8WCZ;
				INFOPLIST_FILE = DailyiOSAnimations/Info.plist;
				LD_RUNPATH_SEARCH_PATHS = (
					"$(inherited)",
					"@executable_path/Frameworks",
				);
				PRODUCT_BUNDLE_IDENTIFIER = shima.app.DailyiOSAnimations;
				PRODUCT_NAME = "$(TARGET_NAME)";
				SWIFT_VERSION = 4.0;
				TARGETED_DEVICE_FAMILY = "1,2";
			};
			name = Debug;
		};
		D46BD94920EDFDEB00B2C176 /* Release */ = {
			isa = XCBuildConfiguration;
			baseConfigurationReference = 638367823F77AB36F61631A8 /* Pods-DailyiOSAnimations.release.xcconfig */;
			buildSettings = {
				ASSETCATALOG_COMPILER_APPICON_NAME = AppIcon;
				CODE_SIGN_STYLE = Automatic;
				DEVELOPMENT_TEAM = 64T4PJ8WCZ;
				INFOPLIST_FILE = DailyiOSAnimations/Info.plist;
				LD_RUNPATH_SEARCH_PATHS = (
					"$(inherited)",
					"@executable_path/Frameworks",
				);
				PRODUCT_BUNDLE_IDENTIFIER = shima.app.DailyiOSAnimations;
				PRODUCT_NAME = "$(TARGET_NAME)";
				SWIFT_VERSION = 4.0;
				TARGETED_DEVICE_FAMILY = "1,2";
			};
			name = Release;
		};
/* End XCBuildConfiguration section */

/* Begin XCConfigurationList section */
		D46BD93020EDFDE900B2C176 /* Build configuration list for PBXProject "DailyiOSAnimations" */ = {
			isa = XCConfigurationList;
			buildConfigurations = (
				D46BD94520EDFDEB00B2C176 /* Debug */,
				D46BD94620EDFDEB00B2C176 /* Release */,
			);
			defaultConfigurationIsVisible = 0;
			defaultConfigurationName = Release;
		};
		D46BD94720EDFDEB00B2C176 /* Build configuration list for PBXNativeTarget "DailyiOSAnimations" */ = {
			isa = XCConfigurationList;
			buildConfigurations = (
				D46BD94820EDFDEB00B2C176 /* Debug */,
				D46BD94920EDFDEB00B2C176 /* Release */,
			);
			defaultConfigurationIsVisible = 0;
			defaultConfigurationName = Release;
		};
/* End XCConfigurationList section */
	};
	rootObject = D46BD92D20EDFDE900B2C176 /* Project object */;
}
